Microsoft Visual Studio Solution File, Format Version 11.00
# Visual Studio 2008

Project("{AAC97449-217E-2F82-5835-0530123A281C}") = "Toaster of the heavens", "Assembly-CSharp-firstpass.csproj", "{F87C190C-4DB4-47F3-6047-9647EC500C73}"
EndProject
Project("{AAC97449-217E-2F82-5835-0530123A281C}") = "Toaster of the heavens", "Assembly-CSharp.csproj", "{6D33911D-EC1C-920F-3F32-D520FD3B43BC}"
EndProject
Project("{AAC97449-217E-2F82-5835-0530123A281C}") = "Toaster of the heavens", "Assembly-UnityScript-firstpass.unityproj", "{27915337-B80E-53B8-F348-D4B78DBE80E9}"
EndProject
Project("{AAC97449-217E-2F82-5835-0530123A281C}") = "Toaster of the heavens", "Assembly-UnityScript.unityproj", "{DA2395E8-218A-C8E5-0842-F23F076A31A2}"
EndProject
Global
	GlobalSection(SolutionConfigurationPlatforms) = preSolution
		Debug|Any CPU = Debug|Any CPU
		Release|Any CPU = Release|Any CPU
	EndGlobalSection
	GlobalSection(ProjectConfigurationPlatforms) = postSolution
		{F87C190C-4DB4-47F3-6047-9647EC500C73}.Debug|Any CPU.ActiveCfg = Debug|Any CPU
		{F87C190C-4DB4-47F3-6047-9647EC500C73}.Debug|Any CPU.Build.0 = Debug|Any CPU
		{F87C190C-4DB4-47F3-6047-9647EC500C73}.Release|Any CPU.ActiveCfg = Release|Any CPU
		{F87C190C-4DB4-47F3-6047-9647EC500C73}.Release|Any CPU.Build.0 = Release|Any CPU
		{6D33911D-EC1C-920F-3F32-D520FD3B43BC}.Debug|Any CPU.ActiveCfg = Debug|Any CPU
		{6D33911D-EC1C-920F-3F32-D520FD3B43BC}.Debug|Any CPU.Build.0 = Debug|Any CPU
		{6D33911D-EC1C-920F-3F32-D520FD3B43BC}.Release|Any CPU.ActiveCfg = Release|Any CPU
		{6D33911D-EC1C-920F-3F32-D520FD3B43BC}.Release|Any CPU.Build.0 = Release|Any CPU
		{27915337-B80E-53B8-F348-D4B78DBE80E9}.Debug|Any CPU.ActiveCfg = Debug|Any CPU
		{27915337-B80E-53B8-F348-D4B78DBE80E9}.Debug|Any CPU.Build.0 = Debug|Any CPU
		{27915337-B80E-53B8-F348-D4B78DBE80E9}.Release|Any CPU.ActiveCfg = Release|Any CPU
		{27915337-B80E-53B8-F348-D4B78DBE80E9}.Release|Any CPU.Build.0 = Release|Any CPU
		{DA2395E8-218A-C8E5-0842-F23F076A31A2}.Debug|Any CPU.ActiveCfg = Debug|Any CPU
		{DA2395E8-218A-C8E5-0842-F23F076A31A2}.Debug|Any CPU.Build.0 = Debug|Any CPU
		{DA2395E8-218A-C8E5-0842-F23F076A31A2}.Release|Any CPU.ActiveCfg = Release|Any CPU
		{DA2395E8-218A-C8E5-0842-F23F076A31A2}.Release|Any CPU.Build.0 = Release|Any CPU
	EndGlobalSection
	GlobalSection(SolutionProperties) = preSolution
		HideSolutionNode = FALSE
	EndGlobalSection
																																																																				GlobalSection(MonoDevelopProperties) = preSolution
		StartupItem = Assembly-UnityScript.unityproj
		Policies = $0
		$0.TextStylePolicy = $1
		$1.inheritsSet = null
		$1.scope = text/x-csharp
		$0.CSharpFormattingPolicy = $2
		$2.inheritsSet = Mono
		$2.inheritsScope = text/x-csharp
		$2.scope = text/x-csharp
		$0.TextStylePolicy = $3
		$3.FileWidth = 120
		$3.TabWidth = 4
		$3.EolMarker = Unix
		$3.inheritsSet = Mono
		$3.inheritsScope = text/plain
		$3.scope = text/plain
		$0.TextStylePolicy = $4
		$4.inheritsSet = VisualStudio
		$4.inheritsScope = text/plain
		$4.scope = application/javascript
	EndGlobalSection

EndGlobal
